
Microsoft Visual Studio Solution File, Format Version 12.00
# Visual Studio Version 16
VisualStudioVersion = 16.0.30011.22
MinimumVisualStudioVersion = 10.0.40219.1
Project("{2150E333-8FDC-42A3-9474-1A3956D46DE8}") = "RestApi", "RestApi", "{F2FB3458-4F2D-4E3E-8339-EB1C386172AB}"
EndProject
Project("{2150E333-8FDC-42A3-9474-1A3956D46DE8}") = "TweetBook", "TweetBook", "{AA0A6671-1E6A-4868-A97F-067D8F519A0A}"
EndProject
Project("{9A19103F-16F7-4668-BE54-9A1E7A4F7556}") = "RestApi.TweetBook.WebAPI", "RestApi.TweetBook.WebAPI\RestApi.TweetBook.WebAPI.csproj", "{26D5521F-0373-4ACA-87DB-9041BD1FCAC8}"
EndProject
Project("{2150E333-8FDC-42A3-9474-1A3956D46DE8}") = "Authentication_Authorization", "Authentication_Authorization", "{81312757-C3F0-4ABD-8228-1A7137DE5C00}"
EndProject
Project("{2150E333-8FDC-42A3-9474-1A3956D46DE8}") = "Basics", "Basics", "{44E1AA5C-AC35-4027-80E2-E030F5630650}"
EndProject
Project("{9A19103F-16F7-4668-BE54-9A1E7A4F7556}") = "Basic", "Basic\Basic.csproj", "{E481B0A6-C806-4765-ADAE-80F9B45C3AE3}"
EndProject
Project("{9A19103F-16F7-4668-BE54-9A1E7A4F7556}") = "IdentityAuthentication", "IdentityAuthentication\IdentityAuthentication.csproj", "{2C89A78C-500C-49A8-B8D8-8429D1CFBB20}"
EndProject
Project("{2150E333-8FDC-42A3-9474-1A3956D46DE8}") = "CRUD_Operation", "CRUD_Operation", "{2A4AF7F3-F600-4D69-B90D-59CA7F98D92C}"
EndProject
Project("{9A19103F-16F7-4668-BE54-9A1E7A4F7556}") = "CRUDAPI", "CRUDAPI\CRUDAPI.csproj", "{6FF2E14B-C82D-4684-B226-90DA47FBFBA3}"
EndProject
Project("{9A19103F-16F7-4668-BE54-9A1E7A4F7556}") = "CRUDAPI.WEB", "CRUDAPI.WEB\CRUDAPI.WEB.csproj", "{A28B393B-2BEF-42F5-8AE5-85EB188E0DBF}"
EndProject
Project("{2150E333-8FDC-42A3-9474-1A3956D46DE8}") = "JWT", "JWT", "{93DE25B9-6C3C-4D3C-97A9-E3F4D56993E3}"
EndProject
Project("{2150E333-8FDC-42A3-9474-1A3956D46DE8}") = "TokenBasedAuth", "TokenBasedAuth", "{4D056F9F-894A-45C1-A0F7-6307368AF5E6}"
EndProject
Project("{9A19103F-16F7-4668-BE54-9A1E7A4F7556}") = "JWTDemo", "JWTDemo\JWTDemo.csproj", "{FD4E9A33-2B7B-41FC-9824-753B011E6DED}"
EndProject
Project("{2150E333-8FDC-42A3-9474-1A3956D46DE8}") = "Demo2", "Demo2", "{C985D0B1-9989-4F90-9611-8FA9732F4F05}"
EndProject
Project("{9A19103F-16F7-4668-BE54-9A1E7A4F7556}") = "JWTDemo2", "JWTDemo2\JWTDemo2.csproj", "{498946FB-3BEC-444F-9592-E12F51E42321}"
EndProject
Project("{2150E333-8FDC-42A3-9474-1A3956D46DE8}") = "Demo3", "Demo3", "{5702DDE7-ADBC-495C-9B3C-9FD867F28025}"
EndProject
Project("{9A19103F-16F7-4668-BE54-9A1E7A4F7556}") = "JWTDemo3", "JWTDemo3\JWTDemo3.csproj", "{0E67C51D-CE74-4280-B044-5E4D243AC590}"
EndProject
Project("{2150E333-8FDC-42A3-9474-1A3956D46DE8}") = "Demo4", "Demo4", "{F3246548-2D39-4C08-A338-527351BEC9FC}"
EndProject
Project("{9A19103F-16F7-4668-BE54-9A1E7A4F7556}") = "JWTDemo4", "JWTDemo4\JWTDemo4.csproj", "{3C2D421B-3660-4DD4-8441-12A64D000FEC}"
EndProject
Project("{9A19103F-16F7-4668-BE54-9A1E7A4F7556}") = "WebApi", "aspnet-core-3-jwt-authentication-api-master\WebApi.csproj", "{3DF3A401-C5D6-49EC-98DF-B6EAE62322FB}"
EndProject
Project("{2150E333-8FDC-42A3-9474-1A3956D46DE8}") = "BaseDemo", "BaseDemo", "{431287E5-BC17-4BA2-B20C-0F8B93F7AFF5}"
EndProject
Project("{9A19103F-16F7-4668-BE54-9A1E7A4F7556}") = "JWT.BaseDemo", "JWT.BaseDemo\JWT.BaseDemo.csproj", "{5256A9A2-9038-4F40-BACA-B534E13B1C80}"
EndProject
Project("{2150E333-8FDC-42A3-9474-1A3956D46DE8}") = "Asp_NET_Core_5_0", "Asp_NET_Core_5_0", "{2C25C883-D9BA-4DED-8E5B-59FECF27D4A7}"
EndProject
Project("{2150E333-8FDC-42A3-9474-1A3956D46DE8}") = "GencayYildiz_tutorial", "GencayYildiz_tutorial", "{E3B7447D-0640-42A1-BFD4-F37E66B8A669}"
EndProject
Project("{FAE04EC0-301F-11D3-BF4B-00C04F79EFBC}") = "Example1", "Example1\Example1.csproj", "{FE52E260-42D6-4AAD-B756-DA325AF23D20}"
EndProject
Project("{2150E333-8FDC-42A3-9474-1A3956D46DE8}") = "src", "src", "{97C5B644-F547-4183-BD66-CE18DA83BEFD}"
EndProject
Project("{2150E333-8FDC-42A3-9474-1A3956D46DE8}") = "SignalR_Examples", "SignalR_Examples", "{5E94C5EF-D1AD-4DE8-A219-B20C0FB65F05}"
EndProject
Project("{FAE04EC0-301F-11D3-BF4B-00C04F79EFBC}") = "SignalRServerExample", "src\SignalR_Examples\SignalRServerExample\SignalRServerExample.csproj", "{FF9AAAC7-D05A-4E8B-B89E-398675F89754}"
EndProject
Project("{2150E333-8FDC-42A3-9474-1A3956D46DE8}") = "DomainDrivenDesign_DDD_Examples", "DomainDrivenDesign_DDD_Examples", "{2D411AE4-0F6E-4F23-9766-0B6CDD658EF3}"
EndProject
Project("{2150E333-8FDC-42A3-9474-1A3956D46DE8}") = "TechBuddy", "TechBuddy", "{DF9B68BF-2C79-40D6-B0C4-CF1AED881E01}"
EndProject
Project("{2150E333-8FDC-42A3-9474-1A3956D46DE8}") = "src", "src", "{54DF1C5B-644A-45FD-B5F8-1E1D01F9B699}"
EndProject
Project("{FAE04EC0-301F-11D3-BF4B-00C04F79EFBC}") = "Order.Domain", "src\DomainDrivenDesign_DDD_Examples\TechBuddy\src\Order.Domain\Order.Domain.csproj", "{5FD4D3C1-DB08-445E-AF9F-EDFC98A0B38E}"
EndProject
Project("{FAE04EC0-301F-11D3-BF4B-00C04F79EFBC}") = "Order.Infrastructure", "src\DomainDrivenDesign_DDD_Examples\TechBuddy\src\Order.Infrastructure\Order.Infrastructure.csproj", "{8127781B-7E96-4B33-84BD-6D9E57178F63}"
EndProject
Project("{FAE04EC0-301F-11D3-BF4B-00C04F79EFBC}") = "Order.WebApi", "src\DomainDrivenDesign_DDD_Examples\TechBuddy\src\Order.WebApi\Order.WebApi.csproj", "{1C927123-27EE-44B0-8C0A-CFE7C07B4597}"
EndProject
Project("{FAE04EC0-301F-11D3-BF4B-00C04F79EFBC}") = "Order.Application", "src\DomainDrivenDesign_DDD_Examples\TechBuddy\src\Order.Application\Order.Application.csproj", "{86F4D7A9-13E1-4FC0-9487-D82870A4838D}"
EndProject
Global
	GlobalSection(SolutionConfigurationPlatforms) = preSolution
		Debug|Any CPU = Debug|Any CPU
		Release|Any CPU = Release|Any CPU
	EndGlobalSection
	GlobalSection(ProjectConfigurationPlatforms) = postSolution
		{26D5521F-0373-4ACA-87DB-9041BD1FCAC8}.Debug|Any CPU.ActiveCfg = Debug|Any CPU
		{26D5521F-0373-4ACA-87DB-9041BD1FCAC8}.Debug|Any CPU.Build.0 = Debug|Any CPU
		{26D5521F-0373-4ACA-87DB-9041BD1FCAC8}.Release|Any CPU.ActiveCfg = Release|Any CPU
		{26D5521F-0373-4ACA-87DB-9041BD1FCAC8}.Release|Any CPU.Build.0 = Release|Any CPU
		{E481B0A6-C806-4765-ADAE-80F9B45C3AE3}.Debug|Any CPU.ActiveCfg = Debug|Any CPU
		{E481B0A6-C806-4765-ADAE-80F9B45C3AE3}.Debug|Any CPU.Build.0 = Debug|Any CPU
		{E481B0A6-C806-4765-ADAE-80F9B45C3AE3}.Release|Any CPU.ActiveCfg = Release|Any CPU
		{E481B0A6-C806-4765-ADAE-80F9B45C3AE3}.Release|Any CPU.Build.0 = Release|Any CPU
		{2C89A78C-500C-49A8-B8D8-8429D1CFBB20}.Debug|Any CPU.ActiveCfg = Debug|Any CPU
		{2C89A78C-500C-49A8-B8D8-8429D1CFBB20}.Debug|Any CPU.Build.0 = Debug|Any CPU
		{2C89A78C-500C-49A8-B8D8-8429D1CFBB20}.Release|Any CPU.ActiveCfg = Release|Any CPU
		{2C89A78C-500C-49A8-B8D8-8429D1CFBB20}.Release|Any CPU.Build.0 = Release|Any CPU
		{6FF2E14B-C82D-4684-B226-90DA47FBFBA3}.Debug|Any CPU.ActiveCfg = Debug|Any CPU
		{6FF2E14B-C82D-4684-B226-90DA47FBFBA3}.Debug|Any CPU.Build.0 = Debug|Any CPU
		{6FF2E14B-C82D-4684-B226-90DA47FBFBA3}.Release|Any CPU.ActiveCfg = Release|Any CPU
		{6FF2E14B-C82D-4684-B226-90DA47FBFBA3}.Release|Any CPU.Build.0 = Release|Any CPU
		{A28B393B-2BEF-42F5-8AE5-85EB188E0DBF}.Debug|Any CPU.ActiveCfg = Debug|Any CPU
		{A28B393B-2BEF-42F5-8AE5-85EB188E0DBF}.Debug|Any CPU.Build.0 = Debug|Any CPU
		{A28B393B-2BEF-42F5-8AE5-85EB188E0DBF}.Release|Any CPU.ActiveCfg = Release|Any CPU
		{A28B393B-2BEF-42F5-8AE5-85EB188E0DBF}.Release|Any CPU.Build.0 = Release|Any CPU
		{FD4E9A33-2B7B-41FC-9824-753B011E6DED}.Debug|Any CPU.ActiveCfg = Debug|Any CPU
		{FD4E9A33-2B7B-41FC-9824-753B011E6DED}.Debug|Any CPU.Build.0 = Debug|Any CPU
		{FD4E9A33-2B7B-41FC-9824-753B011E6DED}.Release|Any CPU.ActiveCfg = Release|Any CPU
		{FD4E9A33-2B7B-41FC-9824-753B011E6DED}.Release|Any CPU.Build.0 = Release|Any CPU
		{498946FB-3BEC-444F-9592-E12F51E42321}.Debug|Any CPU.ActiveCfg = Debug|Any CPU
		{498946FB-3BEC-444F-9592-E12F51E42321}.Debug|Any CPU.Build.0 = Debug|Any CPU
		{498946FB-3BEC-444F-9592-E12F51E42321}.Release|Any CPU.ActiveCfg = Release|Any CPU
		{498946FB-3BEC-444F-9592-E12F51E42321}.Release|Any CPU.Build.0 = Release|Any CPU
		{0E67C51D-CE74-4280-B044-5E4D243AC590}.Debug|Any CPU.ActiveCfg = Debug|Any CPU
		{0E67C51D-CE74-4280-B044-5E4D243AC590}.Debug|Any CPU.Build.0 = Debug|Any CPU
		{0E67C51D-CE74-4280-B044-5E4D243AC590}.Release|Any CPU.ActiveCfg = Release|Any CPU
		{0E67C51D-CE74-4280-B044-5E4D243AC590}.Release|Any CPU.Build.0 = Release|Any CPU
		{3C2D421B-3660-4DD4-8441-12A64D000FEC}.Debug|Any CPU.ActiveCfg = Debug|Any CPU
		{3C2D421B-3660-4DD4-8441-12A64D000FEC}.Debug|Any CPU.Build.0 = Debug|Any CPU
		{3C2D421B-3660-4DD4-8441-12A64D000FEC}.Release|Any CPU.ActiveCfg = Release|Any CPU
		{3C2D421B-3660-4DD4-8441-12A64D000FEC}.Release|Any CPU.Build.0 = Release|Any CPU
		{3DF3A401-C5D6-49EC-98DF-B6EAE62322FB}.Debug|Any CPU.ActiveCfg = Debug|Any CPU
		{3DF3A401-C5D6-49EC-98DF-B6EAE62322FB}.Debug|Any CPU.Build.0 = Debug|Any CPU
		{3DF3A401-C5D6-49EC-98DF-B6EAE62322FB}.Release|Any CPU.ActiveCfg = Release|Any CPU
		{3DF3A401-C5D6-49EC-98DF-B6EAE62322FB}.Release|Any CPU.Build.0 = Release|Any CPU
		{5256A9A2-9038-4F40-BACA-B534E13B1C80}.Debug|Any CPU.ActiveCfg = Debug|Any CPU
		{5256A9A2-9038-4F40-BACA-B534E13B1C80}.Debug|Any CPU.Build.0 = Debug|Any CPU
		{5256A9A2-9038-4F40-BACA-B534E13B1C80}.Release|Any CPU.ActiveCfg = Release|Any CPU
		{5256A9A2-9038-4F40-BACA-B534E13B1C80}.Release|Any CPU.Build.0 = Release|Any CPU
		{FE52E260-42D6-4AAD-B756-DA325AF23D20}.Debug|Any CPU.ActiveCfg = Debug|Any CPU
		{FE52E260-42D6-4AAD-B756-DA325AF23D20}.Debug|Any CPU.Build.0 = Debug|Any CPU
		{FE52E260-42D6-4AAD-B756-DA325AF23D20}.Release|Any CPU.ActiveCfg = Release|Any CPU
		{FE52E260-42D6-4AAD-B756-DA325AF23D20}.Release|Any CPU.Build.0 = Release|Any CPU
		{FF9AAAC7-D05A-4E8B-B89E-398675F89754}.Debug|Any CPU.ActiveCfg = Debug|Any CPU
		{FF9AAAC7-D05A-4E8B-B89E-398675F89754}.Debug|Any CPU.Build.0 = Debug|Any CPU
		{FF9AAAC7-D05A-4E8B-B89E-398675F89754}.Release|Any CPU.ActiveCfg = Release|Any CPU
		{FF9AAAC7-D05A-4E8B-B89E-398675F89754}.Release|Any CPU.Build.0 = Release|Any CPU
		{5FD4D3C1-DB08-445E-AF9F-EDFC98A0B38E}.Debug|Any CPU.ActiveCfg = Debug|Any CPU
		{5FD4D3C1-DB08-445E-AF9F-EDFC98A0B38E}.Debug|Any CPU.Build.0 = Debug|Any CPU
		{5FD4D3C1-DB08-445E-AF9F-EDFC98A0B38E}.Release|Any CPU.ActiveCfg = Release|Any CPU
		{5FD4D3C1-DB08-445E-AF9F-EDFC98A0B38E}.Release|Any CPU.Build.0 = Release|Any CPU
		{8127781B-7E96-4B33-84BD-6D9E57178F63}.Debug|Any CPU.ActiveCfg = Debug|Any CPU
		{8127781B-7E96-4B33-84BD-6D9E57178F63}.Debug|Any CPU.Build.0 = Debug|Any CPU
		{8127781B-7E96-4B33-84BD-6D9E57178F63}.Release|Any CPU.ActiveCfg = Release|Any CPU
		{8127781B-7E96-4B33-84BD-6D9E57178F63}.Release|Any CPU.Build.0 = Release|Any CPU
		{1C927123-27EE-44B0-8C0A-CFE7C07B4597}.Debug|Any CPU.ActiveCfg = Debug|Any CPU
		{1C927123-27EE-44B0-8C0A-CFE7C07B4597}.Debug|Any CPU.Build.0 = Debug|Any CPU
		{1C927123-27EE-44B0-8C0A-CFE7C07B4597}.Release|Any CPU.ActiveCfg = Release|Any CPU
		{1C927123-27EE-44B0-8C0A-CFE7C07B4597}.Release|Any CPU.Build.0 = Release|Any CPU
		{86F4D7A9-13E1-4FC0-9487-D82870A4838D}.Debug|Any CPU.ActiveCfg = Debug|Any CPU
		{86F4D7A9-13E1-4FC0-9487-D82870A4838D}.Debug|Any CPU.Build.0 = Debug|Any CPU
		{86F4D7A9-13E1-4FC0-9487-D82870A4838D}.Release|Any CPU.ActiveCfg = Release|Any CPU
		{86F4D7A9-13E1-4FC0-9487-D82870A4838D}.Release|Any CPU.Build.0 = Release|Any CPU
	EndGlobalSection
	GlobalSection(SolutionProperties) = preSolution
		HideSolutionNode = FALSE
	EndGlobalSection
	GlobalSection(NestedProjects) = preSolution
		{AA0A6671-1E6A-4868-A97F-067D8F519A0A} = {F2FB3458-4F2D-4E3E-8339-EB1C386172AB}
		{26D5521F-0373-4ACA-87DB-9041BD1FCAC8} = {AA0A6671-1E6A-4868-A97F-067D8F519A0A}
		{44E1AA5C-AC35-4027-80E2-E030F5630650} = {81312757-C3F0-4ABD-8228-1A7137DE5C00}
		{E481B0A6-C806-4765-ADAE-80F9B45C3AE3} = {44E1AA5C-AC35-4027-80E2-E030F5630650}
		{2C89A78C-500C-49A8-B8D8-8429D1CFBB20} = {44E1AA5C-AC35-4027-80E2-E030F5630650}
		{2A4AF7F3-F600-4D69-B90D-59CA7F98D92C} = {F2FB3458-4F2D-4E3E-8339-EB1C386172AB}
		{6FF2E14B-C82D-4684-B226-90DA47FBFBA3} = {2A4AF7F3-F600-4D69-B90D-59CA7F98D92C}
		{A28B393B-2BEF-42F5-8AE5-85EB188E0DBF} = {2A4AF7F3-F600-4D69-B90D-59CA7F98D92C}
		{4D056F9F-894A-45C1-A0F7-6307368AF5E6} = {93DE25B9-6C3C-4D3C-97A9-E3F4D56993E3}
		{FD4E9A33-2B7B-41FC-9824-753B011E6DED} = {4D056F9F-894A-45C1-A0F7-6307368AF5E6}
		{C985D0B1-9989-4F90-9611-8FA9732F4F05} = {93DE25B9-6C3C-4D3C-97A9-E3F4D56993E3}
		{498946FB-3BEC-444F-9592-E12F51E42321} = {C985D0B1-9989-4F90-9611-8FA9732F4F05}
		{5702DDE7-ADBC-495C-9B3C-9FD867F28025} = {93DE25B9-6C3C-4D3C-97A9-E3F4D56993E3}
		{0E67C51D-CE74-4280-B044-5E4D243AC590} = {5702DDE7-ADBC-495C-9B3C-9FD867F28025}
		{F3246548-2D39-4C08-A338-527351BEC9FC} = {93DE25B9-6C3C-4D3C-97A9-E3F4D56993E3}
		{3C2D421B-3660-4DD4-8441-12A64D000FEC} = {F3246548-2D39-4C08-A338-527351BEC9FC}
		{3DF3A401-C5D6-49EC-98DF-B6EAE62322FB} = {93DE25B9-6C3C-4D3C-97A9-E3F4D56993E3}
		{431287E5-BC17-4BA2-B20C-0F8B93F7AFF5} = {93DE25B9-6C3C-4D3C-97A9-E3F4D56993E3}
		{5256A9A2-9038-4F40-BACA-B534E13B1C80} = {431287E5-BC17-4BA2-B20C-0F8B93F7AFF5}
		{E3B7447D-0640-42A1-BFD4-F37E66B8A669} = {2C25C883-D9BA-4DED-8E5B-59FECF27D4A7}
		{FE52E260-42D6-4AAD-B756-DA325AF23D20} = {E3B7447D-0640-42A1-BFD4-F37E66B8A669}
		{5E94C5EF-D1AD-4DE8-A219-B20C0FB65F05} = {97C5B644-F547-4183-BD66-CE18DA83BEFD}
		{FF9AAAC7-D05A-4E8B-B89E-398675F89754} = {5E94C5EF-D1AD-4DE8-A219-B20C0FB65F05}
		{2D411AE4-0F6E-4F23-9766-0B6CDD658EF3} = {97C5B644-F547-4183-BD66-CE18DA83BEFD}
		{DF9B68BF-2C79-40D6-B0C4-CF1AED881E01} = {2D411AE4-0F6E-4F23-9766-0B6CDD658EF3}
		{54DF1C5B-644A-45FD-B5F8-1E1D01F9B699} = {DF9B68BF-2C79-40D6-B0C4-CF1AED881E01}
		{5FD4D3C1-DB08-445E-AF9F-EDFC98A0B38E} = {54DF1C5B-644A-45FD-B5F8-1E1D01F9B699}
		{8127781B-7E96-4B33-84BD-6D9E57178F63} = {54DF1C5B-644A-45FD-B5F8-1E1D01F9B699}
		{1C927123-27EE-44B0-8C0A-CFE7C07B4597} = {54DF1C5B-644A-45FD-B5F8-1E1D01F9B699}
		{86F4D7A9-13E1-4FC0-9487-D82870A4838D} = {54DF1C5B-644A-45FD-B5F8-1E1D01F9B699}
	EndGlobalSection
	GlobalSection(ExtensibilityGlobals) = postSolution
		SolutionGuid = {903A496C-2602-48A0-B9C6-64EF5BAA0A81}
	EndGlobalSection
EndGlobal
